{
  "version": 4,
  "terraform_version": "1.5.7",
  "serial": 5,
  "lineage": "de4d0aab-11d7-d31a-0e15-9688453e555e",
  "outputs": {
    "asg_name": {
      "value": "microservices-asg",
      "type": "string"
    },
    "cpu_alarm_name": {
      "value": "microservices-asg-cpu-high",
      "type": "string"
    },
    "launch_template_id": {
      "value": "lt-0e880b1ed89476ced",
      "type": "string"
    },
    "launch_template_latest_version": {
      "value": 1,
      "type": "number"
    },
    "scale_out_policy_arn": {
      "value": "arn:aws:autoscaling:us-east-1:378834093760:scalingPolicy:8189c78d-f55b-4b2d-94fa-3ca185e9f6a9:autoScalingGroupName/microservices-asg:policyName/microservices-asg-scale-out",
      "type": "string"
    },
    "target_group_service1_arn": {
      "value": "arn:aws:elasticloadbalancing:us-east-1:378834093760:targetgroup/tg-service1/2a3f1049e17795d7",
      "type": "string"
    },
    "target_group_service2_arn": {
      "value": "arn:aws:elasticloadbalancing:us-east-1:378834093760:targetgroup/tg-service2/54cfe7f40ca6515c",
      "type": "string"
    }
  },
  "resources": [
    {
      "mode": "data",
      "type": "aws_caller_identity",
      "name": "current",
      "provider": "provider[\"registry.terraform.io/hashicorp/aws\"]",
      "instances": [
        {
          "schema_version": 0,
          "attributes": {
            "account_id": "378834093760",
            "arn": "arn:aws:iam::378834093760:user/cli",
            "id": "378834093760",
            "user_id": "AIDAVQNCFQ3AIIHNCQVC2"
          },
          "sensitive_attributes": []
        }
      ]
    },
    {
      "mode": "data",
      "type": "aws_lb_target_group",
      "name": "service1",
      "provider": "provider[\"registry.terraform.io/hashicorp/aws\"]",
      "instances": [
        {
          "schema_version": 0,
          "attributes": {
            "arn": "arn:aws:elasticloadbalancing:us-east-1:378834093760:targetgroup/tg-service1/2a3f1049e17795d7",
            "arn_suffix": "targetgroup/tg-service1/2a3f1049e17795d7",
            "connection_termination": null,
            "deregistration_delay": "300",
            "health_check": [
              {
                "enabled": true,
                "healthy_threshold": 5,
                "interval": 30,
                "matcher": "200",
                "path": "/health",
                "port": "traffic-port",
                "protocol": "HTTP",
                "timeout": 5,
                "unhealthy_threshold": 2
              }
            ],
            "id": "arn:aws:elasticloadbalancing:us-east-1:378834093760:targetgroup/tg-service1/2a3f1049e17795d7",
            "lambda_multi_value_headers_enabled": null,
            "load_balancer_arns": [
              "arn:aws:elasticloadbalancing:us-east-1:378834093760:loadbalancer/app/microservices-alb/5369ee7baf0c354d"
            ],
            "load_balancing_algorithm_type": "round_robin",
            "load_balancing_anomaly_mitigation": "off",
            "load_balancing_cross_zone_enabled": "use_load_balancer_configuration",
            "name": "tg-service1",
            "port": 5000,
            "preserve_client_ip": null,
            "protocol": "HTTP",
            "protocol_version": "HTTP1",
            "proxy_protocol_v2": null,
            "region": "us-east-1",
            "slow_start": 0,
            "stickiness": [
              {
                "cookie_duration": 86400,
                "cookie_name": "",
                "enabled": false,
                "type": "lb_cookie"
              }
            ],
            "tags": {},
            "target_control_port": 0,
            "target_type": "instance",
            "timeouts": null,
            "vpc_id": "vpc-029d45bf2b68fa896"
          },
          "sensitive_attributes": []
        }
      ]
    },
    {
      "mode": "data",
      "type": "aws_lb_target_group",
      "name": "service2",
      "provider": "provider[\"registry.terraform.io/hashicorp/aws\"]",
      "instances": [
        {
          "schema_version": 0,
          "attributes": {
            "arn": "arn:aws:elasticloadbalancing:us-east-1:378834093760:targetgroup/tg-service2/54cfe7f40ca6515c",
            "arn_suffix": "targetgroup/tg-service2/54cfe7f40ca6515c",
            "connection_termination": null,
            "deregistration_delay": "300",
            "health_check": [
              {
                "enabled": true,
                "healthy_threshold": 5,
                "interval": 30,
                "matcher": "200",
                "path": "/health",
                "port": "traffic-port",
                "protocol": "HTTP",
                "timeout": 5,
                "unhealthy_threshold": 2
              }
            ],
            "id": "arn:aws:elasticloadbalancing:us-east-1:378834093760:targetgroup/tg-service2/54cfe7f40ca6515c",
            "lambda_multi_value_headers_enabled": null,
            "load_balancer_arns": [
              "arn:aws:elasticloadbalancing:us-east-1:378834093760:loadbalancer/app/microservices-alb/5369ee7baf0c354d"
            ],
            "load_balancing_algorithm_type": "round_robin",
            "load_balancing_anomaly_mitigation": "off",
            "load_balancing_cross_zone_enabled": "use_load_balancer_configuration",
            "name": "tg-service2",
            "port": 5001,
            "preserve_client_ip": null,
            "protocol": "HTTP",
            "protocol_version": "HTTP1",
            "proxy_protocol_v2": null,
            "region": "us-east-1",
            "slow_start": 0,
            "stickiness": [
              {
                "cookie_duration": 86400,
                "cookie_name": "",
                "enabled": false,
                "type": "lb_cookie"
              }
            ],
            "tags": {},
            "target_control_port": 0,
            "target_type": "instance",
            "timeouts": null,
            "vpc_id": "vpc-029d45bf2b68fa896"
          },
          "sensitive_attributes": []
        }
      ]
    },
    {
      "mode": "managed",
      "type": "aws_autoscaling_group",
      "name": "microservices",
      "provider": "provider[\"registry.terraform.io/hashicorp/aws\"]",
      "instances": [
        {
          "schema_version": 1,
          "attributes": {
            "arn": "arn:aws:autoscaling:us-east-1:378834093760:autoScalingGroup:03f356d7-cd36-49ff-8d6c-b5bc70afdc68:autoScalingGroupName/microservices-asg",
            "availability_zone_distribution": [
              {
                "capacity_distribution_strategy": "balanced-best-effort"
              }
            ],
            "availability_zones": [
              "us-east-1a",
              "us-east-1b"
            ],
            "capacity_rebalance": false,
            "capacity_reservation_specification": [
              {
                "capacity_reservation_preference": "default",
                "capacity_reservation_target": []
              }
            ],
            "context": "",
            "default_cooldown": 300,
            "default_instance_warmup": 0,
            "desired_capacity": 2,
            "desired_capacity_type": "",
            "enabled_metrics": null,
            "force_delete": false,
            "force_delete_warm_pool": false,
            "health_check_grace_period": 300,
            "health_check_type": "ELB",
            "id": "microservices-asg",
            "ignore_failed_scaling_activities": false,
            "initial_lifecycle_hook": [],
            "instance_maintenance_policy": [],
            "instance_refresh": [],
            "launch_configuration": "",
            "launch_template": [
              {
                "id": "lt-0e880b1ed89476ced",
                "name": "microservices-lt",
                "version": "$Latest"
              }
            ],
            "load_balancers": [],
            "max_instance_lifetime": 0,
            "max_size": 4,
            "metrics_granularity": "1Minute",
            "min_elb_capacity": null,
            "min_size": 2,
            "mixed_instances_policy": [],
            "name": "microservices-asg",
            "name_prefix": "",
            "placement_group": "",
            "predicted_capacity": 0,
            "protect_from_scale_in": false,
            "region": "us-east-1",
            "service_linked_role_arn": "arn:aws:iam::378834093760:role/aws-service-role/autoscaling.amazonaws.com/AWSServiceRoleForAutoScaling",
            "suspended_processes": null,
            "tag": [
              {
                "key": "Name",
                "propagate_at_launch": true,
                "value": "microservices-asg-instance"
              },
              {
                "key": "Project",
                "propagate_at_launch": true,
                "value": "devops-interview-assessment"
              }
            ],
            "target_group_arns": [
              "arn:aws:elasticloadbalancing:us-east-1:378834093760:targetgroup/tg-service1/2a3f1049e17795d7",
              "arn:aws:elasticloadbalancing:us-east-1:378834093760:targetgroup/tg-service2/54cfe7f40ca6515c"
            ],
            "termination_policies": null,
            "timeouts": null,
            "traffic_source": [
              {
                "identifier": "arn:aws:elasticloadbalancing:us-east-1:378834093760:targetgroup/tg-service1/2a3f1049e17795d7",
                "type": "elbv2"
              },
              {
                "identifier": "arn:aws:elasticloadbalancing:us-east-1:378834093760:targetgroup/tg-service2/54cfe7f40ca6515c",
                "type": "elbv2"
              }
            ],
            "vpc_zone_identifier": [
              "subnet-086be7b6483761a93",
              "subnet-0de3a6ed7747531b6"
            ],
            "wait_for_capacity_timeout": "10m",
            "wait_for_elb_capacity": null,
            "warm_pool": [],
            "warm_pool_size": 0
          },
          "sensitive_attributes": [],
          "private": "eyJlMmJmYjczMC1lY2FhLTExZTYtOGY4OC0zNDM2M2JjN2M0YzAiOnsiZGVsZXRlIjo2MDAwMDAwMDAwMDAsInVwZGF0ZSI6NjAwMDAwMDAwMDAwfSwic2NoZW1hX3ZlcnNpb24iOiIxIn0=",
          "dependencies": [
            "aws_launch_template.microservices",
            "data.aws_caller_identity.current",
            "data.aws_lb_target_group.service1",
            "data.aws_lb_target_group.service2"
          ]
        }
      ]
    },
    {
      "mode": "managed",
      "type": "aws_autoscaling_policy",
      "name": "scale_out",
      "provider": "provider[\"registry.terraform.io/hashicorp/aws\"]",
      "instances": [
        {
          "schema_version": 0,
          "attributes": {
            "adjustment_type": "ChangeInCapacity",
            "arn": "arn:aws:autoscaling:us-east-1:378834093760:scalingPolicy:8189c78d-f55b-4b2d-94fa-3ca185e9f6a9:autoScalingGroupName/microservices-asg:policyName/microservices-asg-scale-out",
            "autoscaling_group_name": "microservices-asg",
            "cooldown": 300,
            "enabled": true,
            "estimated_instance_warmup": 0,
            "id": "microservices-asg-scale-out",
            "metric_aggregation_type": "",
            "min_adjustment_magnitude": 0,
            "name": "microservices-asg-scale-out",
            "policy_type": "SimpleScaling",
            "predictive_scaling_configuration": [],
            "region": "us-east-1",
            "scaling_adjustment": 1,
            "step_adjustment": [],
            "target_tracking_configuration": []
          },
          "sensitive_attributes": [],
          "private": "bnVsbA==",
          "dependencies": [
            "aws_autoscaling_group.microservices",
            "aws_launch_template.microservices",
            "data.aws_caller_identity.current",
            "data.aws_lb_target_group.service1",
            "data.aws_lb_target_group.service2"
          ]
        }
      ]
    },
    {
      "mode": "managed",
      "type": "aws_cloudwatch_metric_alarm",
      "name": "cpu_high",
      "provider": "provider[\"registry.terraform.io/hashicorp/aws\"]",
      "instances": [
        {
          "schema_version": 1,
          "attributes": {
            "actions_enabled": true,
            "alarm_actions": [
              "arn:aws:autoscaling:us-east-1:378834093760:scalingPolicy:8189c78d-f55b-4b2d-94fa-3ca185e9f6a9:autoScalingGroupName/microservices-asg:policyName/microservices-asg-scale-out"
            ],
            "alarm_description": "Scale out when ASG average CPU is above threshold",
            "alarm_name": "microservices-asg-cpu-high",
            "arn": "arn:aws:cloudwatch:us-east-1:378834093760:alarm:microservices-asg-cpu-high",
            "comparison_operator": "GreaterThanThreshold",
            "datapoints_to_alarm": 5,
            "dimensions": {
              "AutoScalingGroupName": "microservices-asg"
            },
            "evaluate_low_sample_count_percentiles": "",
            "evaluation_periods": 5,
            "extended_statistic": "",
            "id": "microservices-asg-cpu-high",
            "insufficient_data_actions": null,
            "metric_name": "CPUUtilization",
            "metric_query": [],
            "namespace": "AWS/EC2",
            "ok_actions": null,
            "period": 60,
            "region": "us-east-1",
            "statistic": "Average",
            "tags": {
              "Project": "devops-interview-assessment"
            },
            "tags_all": {
              "Project": "devops-interview-assessment"
            },
            "threshold": 40,
            "threshold_metric_id": "",
            "treat_missing_data": "notBreaching",
            "unit": ""
          },
          "sensitive_attributes": [],
          "private": "eyJzY2hlbWFfdmVyc2lvbiI6IjEifQ==",
          "dependencies": [
            "aws_autoscaling_group.microservices",
            "aws_autoscaling_policy.scale_out",
            "aws_launch_template.microservices",
            "data.aws_caller_identity.current",
            "data.aws_lb_target_group.service1",
            "data.aws_lb_target_group.service2"
          ]
        }
      ]
    },
    {
      "mode": "managed",
      "type": "aws_launch_template",
      "name": "microservices",
      "provider": "provider[\"registry.terraform.io/hashicorp/aws\"]",
      "instances": [
        {
          "schema_version": 1,
          "attributes": {
            "arn": "arn:aws:ec2:us-east-1:378834093760:launch-template/lt-0e880b1ed89476ced",
            "block_device_mappings": [],
            "capacity_reservation_specification": [],
            "cpu_options": [],
            "credit_specification": [],
            "default_version": 1,
            "description": "",
            "disable_api_stop": false,
            "disable_api_termination": false,
            "ebs_optimized": "",
            "enclave_options": [],
            "hibernation_options": [],
            "iam_instance_profile": [
              {
                "arn": "",
                "name": "ec2-ecr-pull-role"
              }
            ],
            "id": "lt-0e880b1ed89476ced",
            "image_id": "ami-0b6c6ebed2801a5cb",
            "instance_initiated_shutdown_behavior": "",
            "instance_market_options": [],
            "instance_requirements": [],
            "instance_type": "t3.micro",
            "kernel_id": "",
            "key_name": "microservices-key",
            "latest_version": 1,
            "license_specification": [],
            "maintenance_options": [],
            "metadata_options": [],
            "monitoring": [
              {
                "enabled": true
              }
            ],
            "name": "microservices-lt",
            "name_prefix": "",
            "network_interfaces": [],
            "network_performance_options": [],
            "placement": [],
            "private_dns_name_options": [],
            "ram_disk_id": "",
            "region": "us-east-1",
            "secondary_interfaces": [],
            "security_group_names": null,
            "tag_specifications": [
              {
                "resource_type": "instance",
                "tags": {
                  "Name": "microservices-asg-instance",
                  "Project": "devops-interview-assessment"
                }
              }
            ],
            "tags": {
              "Name": "microservices-lt",
              "Project": "devops-interview-assessment"
            },
            "tags_all": {
              "Name": "microservices-lt",
              "Project": "devops-interview-assessment"
            },
            "update_default_version": null,
            "user_data": "IyEvYmluL2Jhc2gKc2V0IC1ldXhvIHBpcGVmYWlsCmV4ZWMgPiA+KHRlZSAvdmFyL2xvZy91c2VyLWRhdGEubG9nIHwgbG9nZ2VyIC10IHVzZXItZGF0YSAtcyAyPi9kZXYvY29uc29sZSkgMj4mMQoKUkVHSU9OPSJ1cy1lYXN0LTEiCkFDQ09VTlRfSUQ9IjM3ODgzNDA5Mzc2MCIKRUNSX1JFR0lTVFJZPSIzNzg4MzQwOTM3NjAuZGtyLmVjci51cy1lYXN0LTEuYW1hem9uYXdzLmNvbSIKCmFwdC1nZXQgdXBkYXRlIC15CmFwdC1nZXQgaW5zdGFsbCAteSBkb2NrZXIuaW8gY3VybCB1bnppcApzeXN0ZW1jdGwgZW5hYmxlIC0tbm93IGRvY2tlcgoKY2QgL3RtcApjdXJsIC1mc1NMICJodHRwczovL2F3c2NsaS5hbWF6b25hd3MuY29tL2F3c2NsaS1leGUtbGludXgteDg2XzY0LnppcCIgLW8gYXdzY2xpdjIuemlwCnVuemlwIC1xIC1vIGF3c2NsaXYyLnppcAouL2F3cy9pbnN0YWxsIC0tdXBkYXRlCgpta2RpciAtcCAvdXNyL2xvY2FsL2xpYi9kb2NrZXIvY2xpLXBsdWdpbnMKY3VybCAtZnNTTCAiaHR0cHM6Ly9naXRodWIuY29tL2RvY2tlci9jb21wb3NlL3JlbGVhc2VzL2Rvd25sb2FkL3YyLjI3LjAvZG9ja2VyLWNvbXBvc2UtbGludXgteDg2XzY0IiBcCiAgLW8gL3Vzci9sb2NhbC9saWIvZG9ja2VyL2NsaS1wbHVnaW5zL2RvY2tlci1jb21wb3NlCmNobW9kICt4IC91c3IvbG9jYWwvbGliL2RvY2tlci9jbGktcGx1Z2lucy9kb2NrZXItY29tcG9zZQoKaWYgISBkb2NrZXIgY29tcG9zZSB2ZXJzaW9uID4vZGV2L251bGwgMj4mMTsgdGhlbgogIGN1cmwgLWZzU0wgImh0dHBzOi8vZ2l0aHViLmNvbS9kb2NrZXIvY29tcG9zZS9yZWxlYXNlcy9kb3dubG9hZC92Mi4yNy4wL2RvY2tlci1jb21wb3NlLWxpbnV4LXg4Nl82NCIgXAogICAgLW8gL3Vzci9sb2NhbC9iaW4vZG9ja2VyLWNvbXBvc2UKICBjaG1vZCAreCAvdXNyL2xvY2FsL2Jpbi9kb2NrZXItY29tcG9zZQpmaQoKYXdzIGVjciBnZXQtbG9naW4tcGFzc3dvcmQgLS1yZWdpb24gInVzLWVhc3QtMSIgfCBkb2NrZXIgbG9naW4gLS11c2VybmFtZSBBV1MgLS1wYXNzd29yZC1zdGRpbiAiMzc4ODM0MDkzNzYwLmRrci5lY3IudXMtZWFzdC0xLmFtYXpvbmF3cy5jb20iCgpta2RpciAtcCAvb3B0L21pY3Jvc2VydmljZXMKY2F0ID4vb3B0L21pY3Jvc2VydmljZXMvZG9ja2VyLWNvbXBvc2UueW1sIDw8J1lBTUwnCnZlcnNpb246ICIzLjgiCnNlcnZpY2VzOgogIHNlcnZpY2UxOgogICAgaW1hZ2U6IDM3ODgzNDA5Mzc2MC5ka3IuZWNyLnVzLWVhc3QtMS5hbWF6b25hd3MuY29tL3NlcnZpY2UxOmxhdGVzdAogICAgcG9ydHM6CiAgICAgIC0gIjUwMDA6NTAwMCIKICAgIHJlc3RhcnQ6IGFsd2F5cwogIHNlcnZpY2UyOgogICAgaW1hZ2U6IDM3ODgzNDA5Mzc2MC5ka3IuZWNyLnVzLWVhc3QtMS5hbWF6b25hd3MuY29tL3NlcnZpY2UyOmxhdGVzdAogICAgcG9ydHM6CiAgICAgIC0gIjUwMDE6NTAwMSIKICAgIHJlc3RhcnQ6IGFsd2F5cwpZQU1MCgpjZCAvb3B0L21pY3Jvc2VydmljZXMKaWYgZG9ja2VyIGNvbXBvc2UgdmVyc2lvbiA+L2Rldi9udWxsIDI+JjE7IHRoZW4KICBkb2NrZXIgY29tcG9zZSB1cCAtZAplbHNlCiAgZG9ja2VyLWNvbXBvc2UgdXAgLWQKZmkK",
            "vpc_security_group_ids": [
              "sg-0e45d0e343ac66f64"
            ]
          },
          "sensitive_attributes": [],
          "private": "eyJzY2hlbWFfdmVyc2lvbiI6IjEifQ==",
          "dependencies": [
            "data.aws_caller_identity.current"
          ]
        }
      ]
    }
  ],
  "check_results": null
}
